
Microsoft Visual Studio Solution File, Format Version 12.00
# Visual Studio Version 17
VisualStudioVersion = 17.3.32825.248
MinimumVisualStudioVersion = 10.0.40219.1
Project("{FAE04EC0-301F-11D3-BF4B-00C04F79EFBC}") = "AssistTools", "AssistTools\AssistTools.csproj", "{57001534-2804-49E3-979A-ED55B022F239}"
EndProject
Project("{FAE04EC0-301F-11D3-BF4B-00C04F79EFBC}") = "StringListCreator", "StringListCreator\StringListCreator.csproj", "{4B1D5AEE-A82F-400D-A99B-ACF72A874FA6}"
EndProject
Global
	GlobalSection(SolutionConfigurationPlatforms) = preSolution
		Debug|Any CPU = Debug|Any CPU
		Release|Any CPU = Release|Any CPU
	EndGlobalSection
	GlobalSection(ProjectConfigurationPlatforms) = postSolution
		{57001534-2804-49E3-979A-ED55B022F239}.Debug|Any CPU.ActiveCfg = Debug|Any CPU
		{57001534-2804-49E3-979A-ED55B022F239}.Debug|Any CPU.Build.0 = Debug|Any CPU
		{57001534-2804-49E3-979A-ED55B022F239}.Release|Any CPU.ActiveCfg = Release|Any CPU
		{57001534-2804-49E3-979A-ED55B022F239}.Release|Any CPU.Build.0 = Release|Any CPU
		{4B1D5AEE-A82F-400D-A99B-ACF72A874FA6}.Debug|Any CPU.ActiveCfg = Debug|Any CPU
		{4B1D5AEE-A82F-400D-A99B-ACF72A874FA6}.Debug|Any CPU.Build.0 = Debug|Any CPU
		{4B1D5AEE-A82F-400D-A99B-ACF72A874FA6}.Release|Any CPU.ActiveCfg = Release|Any CPU
		{4B1D5AEE-A82F-400D-A99B-ACF72A874FA6}.Release|Any CPU.Build.0 = Release|Any CPU
	EndGlobalSection
	GlobalSection(SolutionProperties) = preSolution
		HideSolutionNode = FALSE
	EndGlobalSection
	GlobalSection(ExtensibilityGlobals) = postSolution
		SolutionGuid = {8DBAAD56-05D7-4B25-908C-610EE97C467D}
	EndGlobalSection
EndGlobal
